// !$*UTF8*$!
{
	archiveVersion = 1;
	classes = {
	};
	objectVersion = 55;
	objects = {

/* Begin PBXBuildFile section */
		49932B0029C06B0474763D57 /* Pods_alamofire_multi_image.framework in Frameworks */ = {isa = PBXBuildFile; fileRef = CA6ADD3DC8342CC7F990CF79 /* Pods_alamofire_multi_image.framework */; };
		D8BBC0FE278BEB03003B9839 /* AppDelegate.swift in Sources */ = {isa = PBXBuildFile; fileRef = D8BBC0FD278BEB03003B9839 /* AppDelegate.swift */; };
		D8BBC100278BEB03003B9839 /* SceneDelegate.swift in Sources */ = {isa = PBXBuildFile; fileRef = D8BBC0FF278BEB03003B9839 /* SceneDelegate.swift */; };
		D8BBC102278BEB03003B9839 /* ViewController.swift in Sources */ = {isa = PBXBuildFile; fileRef = D8BBC101278BEB03003B9839 /* ViewController.swift */; };
		D8BBC105278BEB03003B9839 /* Main.storyboard in Resources */ = {isa = PBXBuildFile; fileRef = D8BBC103278BEB03003B9839 /* Main.storyboard */; };
		D8BBC107278BEB05003B9839 /* Assets.xcassets in Resources */ = {isa = PBXBuildFile; fileRef = D8BBC106278BEB05003B9839 /* Assets.xcassets */; };
		D8BBC10A278BEB05003B9839 /* LaunchScreen.storyboard in Resources */ = {isa = PBXBuildFile; fileRef = D8BBC108278BEB05003B9839 /* LaunchScreen.storyboard */; };
/* End PBXBuildFile section */

/* Begin PBXFileReference section */
		92F191C291171F6692BD26DF /* Pods-alamofire-multi-image.debug.xcconfig */ = {isa = PBXFileReference; includeInIndex = 1; lastKnownFileType = text.xcconfig; name = "Pods-alamofire-multi-image.debug.xcconfig"; path = "Target Support Files/Pods-alamofire-multi-image/Pods-alamofire-multi-image.debug.xcconfig"; sourceTree = "<group>"; };
		CA6ADD3DC8342CC7F990CF79 /* Pods_alamofire_multi_image.framework */ = {isa = PBXFileReference; explicitFileType = wrapper.framework; includeInIndex = 0; path = Pods_alamofire_multi_image.framework; sourceTree = BUILT_PRODUCTS_DIR; };
		D5281DD4189173EA9A4DE1C4 /* Pods-alamofire-multi-image.release.xcconfig */ = {isa = PBXFileReference; includeInIndex = 1; lastKnownFileType = text.xcconfig; name = "Pods-alamofire-multi-image.release.xcconfig"; path = "Target Support Files/Pods-alamofire-multi-image/Pods-alamofire-multi-image.release.xcconfig"; sourceTree = "<group>"; };
		D8BBC0FA278BEB03003B9839 /* alamofire-multi-image.app */ = {isa = PBXFileReference; explicitFileType = wrapper.application; includeInIndex = 0; path = "alamofire-multi-image.app"; sourceTree = BUILT_PRODUCTS_DIR; };
		D8BBC0FD278BEB03003B9839 /* AppDelegate.swift */ = {isa = PBXFileReference; lastKnownFileType = sourcecode.swift; path = AppDelegate.swift; sourceTree = "<group>"; };
		D8BBC0FF278BEB03003B9839 /* SceneDelegate.swift */ = {isa = PBXFileReference; lastKnownFileType = sourcecode.swift; path = SceneDelegate.swift; sourceTree = "<group>"; };
		D8BBC101278BEB03003B9839 /* ViewController.swift */ = {isa = PBXFileReference; lastKnownFileType = sourcecode.swift; path = ViewController.swift; sourceTree = "<group>"; };
		D8BBC104278BEB03003B9839 /* Base */ = {isa = PBXFileReference; lastKnownFileType = file.storyboard; name = Base; path = Base.lproj/Main.storyboard; sourceTree = "<group>"; };
		D8BBC106278BEB05003B9839 /* Assets.xcassets */ = {isa = PBXFileReference; lastKnownFileType = folder.assetcatalog; path = Assets.xcassets; sourceTree = "<group>"; };
		D8BBC109278BEB05003B9839 /* Base */ = {isa = PBXFileReference; lastKnownFileType = file.storyboard; name = Base; path = Base.lproj/LaunchScreen.storyboard; sourceTree = "<group>"; };
		D8BBC10B278BEB05003B9839 /* Info.plist */ = {isa = PBXFileReference; lastKnownFileType = text.plist.xml; path = Info.plist; sourceTree = "<group>"; };
/* End PBXFileReference section */

/* Begin PBXFrameworksBuildPhase section */
		D8BBC0F7278BEB03003B9839 /* Frameworks */ = {
			isa = PBXFrameworksBuildPhase;
			buildActionMask = 2147483647;
			files = (
				49932B0029C06B0474763D57 /* Pods_alamofire_multi_image.framework in Frameworks */,
			);
			runOnlyForDeploymentPostprocessing = 0;
		};
/* End PBXFrameworksBuildPhase section */

/* Begin PBXGroup section */
		01C9B844D8B4C6666F2A35BC /* Pods */ = {
			isa = PBXGroup;
			children = (
				92F191C291171F6692BD26DF /* Pods-alamofire-multi-image.debug.xcconfig */,
				D5281DD4189173EA9A4DE1C4 /* Pods-alamofire-multi-image.release.xcconfig */,
			);
			name = Pods;
			path = Pods;
			sourceTree = "<group>";
		};
		A047A9805EB245E5CF50E35A /* Frameworks */ = {
			isa = PBXGroup;
			children = (
				CA6ADD3DC8342CC7F990CF79 /* Pods_alamofire_multi_image.framework */,
			);
			name = Frameworks;
			sourceTree = "<group>";
		};
		D8BBC0F1278BEB03003B9839 = {
			isa = PBXGroup;
			children = (
				D8BBC0FC278BEB03003B9839 /* alamofire-multi-image */,
				D8BBC0FB278BEB03003B9839 /* Products */,
				01C9B844D8B4C6666F2A35BC /* Pods */,
				A047A9805EB245E5CF50E35A /* Frameworks */,
			);
			sourceTree = "<group>";
		};
		D8BBC0FB278BEB03003B9839 /* Products */ = {
			isa = PBXGroup;
			children = (
				D8BBC0FA278BEB03003B9839 /* alamofire-multi-image.app */,
			);
			name = Products;
			sourceTree = "<group>";
		};
		D8BBC0FC278BEB03003B9839 /* alamofire-multi-image */ = {
			isa = PBXGroup;
			children = (
				D8BBC0FD278BEB03003B9839 /* AppDelegate.swift */,
				D8BBC0FF278BEB03003B9839 /* SceneDelegate.swift */,
				D8BBC101278BEB03003B9839 /* ViewController.swift */,
				D8BBC103278BEB03003B9839 /* Main.storyboard */,
				D8BBC106278BEB05003B9839 /* Assets.xcassets */,
				D8BBC108278BEB05003B9839 /* LaunchScreen.storyboard */,
				D8BBC10B278BEB05003B9839 /* Info.plist */,
			);
			path = "alamofire-multi-image";
			sourceTree = "<group>";
		};
/* End PBXGroup section */

/* Begin PBXNativeTarget section */
		D8BBC0F9278BEB03003B9839 /* alamofire-multi-image */ = {
			isa = PBXNativeTarget;
			buildConfigurationList = D8BBC10E278BEB05003B9839 /* Build configuration list for PBXNativeTarget "alamofire-multi-image" */;
			buildPhases = (
				EF667DCDA29414AF1813538C /* [CP] Check Pods Manifest.lock */,
				D8BBC0F6278BEB03003B9839 /* Sources */,
				D8BBC0F7278BEB03003B9839 /* Frameworks */,
				D8BBC0F8278BEB03003B9839 /* Resources */,
				B1909AD4AB671E3EA27D5D18 /* [CP] Embed Pods Frameworks */,
			);
			buildRules = (
			);
			dependencies = (
			);
			name = "alamofire-multi-image";
			productName = "alamofire-multi-image";
			productReference = D8BBC0FA278BEB03003B9839 /* alamofire-multi-image.app */;
			productType = "com.apple.product-type.application";
		};
/* End PBXNativeTarget section */

/* Begin PBXProject section */
		D8BBC0F2278BEB03003B9839 /* Project object */ = {
			isa = PBXProject;
			attributes = {
				BuildIndependentTargetsInParallel = 1;
				LastSwiftUpdateCheck = 1310;
				LastUpgradeCheck = 1310;
				TargetAttributes = {
					D8BBC0F9278BEB03003B9839 = {
						CreatedOnToolsVersion = 13.1;
					};
				};
			};
			buildConfigurationList = D8BBC0F5278BEB03003B9839 /* Build configuration list for PBXProject "alamofire-multi-image" */;
			compatibilityVersion = "Xcode 13.0";
			developmentRegion = en;
			hasScannedForEncodings = 0;
			knownRegions = (
				en,
				Base,
			);
			mainGroup = D8BBC0F1278BEB03003B9839;
			productRefGroup = D8BBC0FB278BEB03003B9839 /* Products */;
			projectDirPath = "";
			projectRoot = "";
			targets = (
				D8BBC0F9278BEB03003B9839 /* alamofire-multi-image */,
			);
		};
/* End PBXProject section */

/* Begin PBXResourcesBuildPhase section */
		D8BBC0F8278BEB03003B9839 /* Resources */ = {
			isa = PBXResourcesBuildPhase;
			buildActionMask = 2147483647;
			files = (
				D8BBC10A278BEB05003B9839 /* LaunchScreen.storyboard in Resources */,
				D8BBC107278BEB05003B9839 /* Assets.xcassets in Resources */,
				D8BBC105278BEB03003B9839 /* Main.storyboard in Resources */,
			);
			runOnlyForDeploymentPostprocessing = 0;
		};
/* End PBXResourcesBuildPhase section */

/* Begin PBXShellScriptBuildPhase section */
		B1909AD4AB671E3EA27D5D18 /* [CP] Embed Pods Frameworks */ = {
			isa = PBXShellScriptBuildPhase;
			buildActionMask = 2147483647;
			files = (
			);
			inputFileListPaths = (
				"${PODS_ROOT}/Target Support Files/Pods-alamofire-multi-image/Pods-alamofire-multi-image-frameworks-${CONFIGURATION}-input-files.xcfilelist",
			);
			name = "[CP] Embed Pods Frameworks";
			outputFileListPaths = (
				"${PODS_ROOT}/Target Support Files/Pods-alamofire-multi-image/Pods-alamofire-multi-image-frameworks-${CONFIGURATION}-output-files.xcfilelist",
			);
			runOnlyForDeploymentPostprocessing = 0;
			shellPath = /bin/sh;
			shellScript = "\"${PODS_ROOT}/Target Support Files/Pods-alamofire-multi-image/Pods-alamofire-multi-image-frameworks.sh\"\n";
			showEnvVarsInLog = 0;
		};
		EF667DCDA29414AF1813538C /* [CP] Check Pods Manifest.lock */ = {
			isa = PBXShellScriptBuildPhase;
			buildActionMask = 2147483647;
			files = (
			);
			inputFileListPaths = (
			);
			inputPaths = (
				"${PODS_PODFILE_DIR_PATH}/Podfile.lock",
				"${PODS_ROOT}/Manifest.lock",
			);
			name = "[CP] Check Pods Manifest.lock";
			outputFileListPaths = (
			);
			outputPaths = (
				"$(DERIVED_FILE_DIR)/Pods-alamofire-multi-image-checkManifestLockResult.txt",
			);
			runOnlyForDeploymentPostprocessing = 0;
			shellPath = /bin/sh;
			shellScript = "diff \"${PODS_PODFILE_DIR_PATH}/Podfile.lock\" \"${PODS_ROOT}/Manifest.lock\" > /dev/null\nif [ $? != 0 ] ; then\n    # print error to STDERR\n    echo \"error: The sandbox is not in sync with the Podfile.lock. Run 'pod install' or update your CocoaPods installation.\" >&2\n    exit 1\nfi\n# This output is used by Xcode 'outputs' to avoid re-running this script phase.\necho \"SUCCESS\" > \"${SCRIPT_OUTPUT_FILE_0}\"\n";
			showEnvVarsInLog = 0;
		};
/* End PBXShellScriptBuildPhase section */

/* Begin PBXSourcesBuildPhase section */
		D8BBC0F6278BEB03003B9839 /* Sources */ = {
			isa = PBXSourcesBuildPhase;
			buildActionMask = 2147483647;
			files = (
				D8BBC102278BEB03003B9839 /* ViewController.swift in Sources */,
				D8BBC0FE278BEB03003B9839 /* AppDelegate.swift in Sources */,
				D8BBC100278BEB03003B9839 /* SceneDelegate.swift in Sources */,
			);
			runOnlyForDeploymentPostprocessing = 0;
		};
/* End PBXSourcesBuildPhase section */

/* Begin PBXVariantGroup section */
		D8BBC103278BEB03003B9839 /* Main.storyboard */ = {
			isa = PBXVariantGroup;
			children = (
				D8BBC104278BEB03003B9839 /* Base */,
			);
			name = Main.storyboard;
			sourceTree = "<group>";
		};
		D8BBC108278BEB05003B9839 /* LaunchScreen.storyboard */ = {
			isa = PBXVariantGroup;
			children = (
				D8BBC109278BEB05003B9839 /* Base */,
			);
			name = LaunchScreen.storyboard;
			sourceTree = "<group>";
		};
/* End PBXVariantGroup section */

/* Begin XCBuildConfiguration section */
		D8BBC10C278BEB05003B9839 /* Debug */ = {
			isa = XCBuildConfiguration;
			buildSettings = {
				ALWAYS_SEARCH_USER_PATHS = NO;
				CLANG_ANALYZER_NONNULL = YES;
				CLANG_ANALYZER_NUMBER_OBJECT_CONVERSION = YES_AGGRESSIVE;
				CLANG_CXX_LANGUAGE_STANDARD = "gnu++17";
				CLANG_CXX_LIBRARY = "libc++";
				CLANG_ENABLE_MODULES = YES;
				CLANG_ENABLE_OBJC_ARC = YES;
				CLANG_ENABLE_OBJC_WEAK = YES;
				CLANG_WARN_BLOCK_CAPTURE_AUTORELEASING = YES;
				CLANG_WARN_BOOL_CONVERSION = YES;
				CLANG_WARN_COMMA = YES;
				CLANG_WARN_CONSTANT_CONVERSION = YES;
				CLANG_WARN_DEPRECATED_OBJC_IMPLEMENTATIONS = YES;
				CLANG_WARN_DIRECT_OBJC_ISA_USAGE = YES_ERROR;
				CLANG_WARN_DOCUMENTATION_COMMENTS = YES;
				CLANG_WARN_EMPTY_BODY = YES;
				CLANG_WARN_ENUM_CONVERSION = YES;
				CLANG_WARN_INFINITE_RECURSION = YES;
				CLANG_WARN_INT_CONVERSION = YES;
				CLANG_WARN_NON_LITERAL_NULL_CONVERSION = YES;
				CLANG_WARN_OBJC_IMPLICIT_RETAIN_SELF = YES;
				CLANG_WARN_OBJC_LITERAL_CONVERSION = YES;
				CLANG_WARN_OBJC_ROOT_CLASS = YES_ERROR;
				CLANG_WARN_QUOTED_INCLUDE_IN_FRAMEWORK_HEADER = YES;
				CLANG_WARN_RANGE_LOOP_ANALYSIS = YES;
				CLANG_WARN_STRICT_PROTOTYPES = YES;
				CLANG_WARN_SUSPICIOUS_MOVE = YES;
				CLANG_WARN_UNGUARDED_AVAILABILITY = YES_AGGRESSIVE;
				CLANG_WARN_UNREACHABLE_CODE = YES;
				CLANG_WARN__DUPLICATE_METHOD_MATCH = YES;
				COPY_PHASE_STRIP = NO;
				DEBUG_INFORMATION_FORMAT = dwarf;
				ENABLE_STRICT_OBJC_MSGSEND = YES;
				ENABLE_TESTABILITY = YES;
				GCC_C_LANGUAGE_STANDARD = gnu11;
				GCC_DYNAMIC_NO_PIC = NO;
				GCC_NO_COMMON_BLOCKS = YES;
				GCC_OPTIMIZATION_LEVEL = 0;
				GCC_PREPROCESSOR_DEFINITIONS = (
					"DEBUG=1",
					"$(inherited)",
				);
				GCC_WARN_64_TO_32_BIT_CONVERSION = YES;
				GCC_WARN_ABOUT_RETURN_TYPE = YES_ERROR;
				GCC_WARN_UNDECLARED_SELECTOR = YES;
				GCC_WARN_UNINITIALIZED_AUTOS = YES_AGGRESSIVE;
				GCC_WARN_UNUSED_FUNCTION = YES;
				GCC_WARN_UNUSED_VARIABLE = YES;
				IPHONEOS_DEPLOYMENT_TARGET = 15.0;
				MTL_ENABLE_DEBUG_INFO = INCLUDE_SOURCE;
				MTL_FAST_MATH = YES;
				ONLY_ACTIVE_ARCH = YES;
				SDKROOT = iphoneos;
				SWIFT_ACTIVE_COMPILATION_CONDITIONS = DEBUG;
				SWIFT_OPTIMIZATION_LEVEL = "-Onone";
			};
			name = Debug;
		};
		D8BBC10D278BEB05003B9839 /* Release */ = {
			isa = XCBuildConfiguration;
			buildSettings = {
				ALWAYS_SEARCH_USER_PATHS = NO;
				CLANG_ANALYZER_NONNULL = YES;
				CLANG_ANALYZER_NUMBER_OBJECT_CONVERSION = YES_AGGRESSIVE;
				CLANG_CXX_LANGUAGE_STANDARD = "gnu++17";
				CLANG_CXX_LIBRARY = "libc++";
				CLANG_ENABLE_MODULES = YES;
				CLANG_ENABLE_OBJC_ARC = YES;
				CLANG_ENABLE_OBJC_WEAK = YES;
				CLANG_WARN_BLOCK_CAPTURE_AUTORELEASING = YES;
				CLANG_WARN_BOOL_CONVERSION = YES;
				CLANG_WARN_COMMA = YES;
				CLANG_WARN_CONSTANT_CONVERSION = YES;
				CLANG_WARN_DEPRECATED_OBJC_IMPLEMENTATIONS = YES;
				CLANG_WARN_DIRECT_OBJC_ISA_USAGE = YES_ERROR;
				CLANG_WARN_DOCUMENTATION_COMMENTS = YES;
				CLANG_WARN_EMPTY_BODY = YES;
				CLANG_WARN_ENUM_CONVERSION = YES;
				CLANG_WARN_INFINITE_RECURSION = YES;
				CLANG_WARN_INT_CONVERSION = YES;
				CLANG_WARN_NON_LITERAL_NULL_CONVERSION = YES;
				CLANG_WARN_OBJC_IMPLICIT_RETAIN_SELF = YES;
				CLANG_WARN_OBJC_LITERAL_CONVERSION = YES;
				CLANG_WARN_OBJC_ROOT_CLASS = YES_ERROR;
				CLANG_WARN_QUOTED_INCLUDE_IN_FRAMEWORK_HEADER = YES;
				CLANG_WARN_RANGE_LOOP_ANALYSIS = YES;
				CLANG_WARN_STRICT_PROTOTYPES = YES;
				CLANG_WARN_SUSPICIOUS_MOVE = YES;
				CLANG_WARN_UNGUARDED_AVAILABILITY = YES_AGGRESSIVE;
				CLANG_WARN_UNREACHABLE_CODE = YES;
				CLANG_WARN__DUPLICATE_METHOD_MATCH = YES;
				COPY_PHASE_STRIP = NO;
				DEBUG_INFORMATION_FORMAT = "dwarf-with-dsym";
				ENABLE_NS_ASSERTIONS = NO;
				ENABLE_STRICT_OBJC_MSGSEND = YES;
				GCC_C_LANGUAGE_STANDARD = gnu11;
				GCC_NO_COMMON_BLOCKS = YES;
				GCC_WARN_64_TO_32_BIT_CONVERSION = YES;
				GCC_WARN_ABOUT_RETURN_TYPE = YES_ERROR;
				GCC_WARN_UNDECLARED_SELECTOR = YES;
				GCC_WARN_UNINITIALIZED_AUTOS = YES_AGGRESSIVE;
				GCC_WARN_UNUSED_FUNCTION = YES;
				GCC_WARN_UNUSED_VARIABLE = YES;
				IPHONEOS_DEPLOYMENT_TARGET = 15.0;
				MTL_ENABLE_DEBUG_INFO = NO;
				MTL_FAST_MATH = YES;
				SDKROOT = iphoneos;
				SWIFT_COMPILATION_MODE = wholemodule;
				SWIFT_OPTIMIZATION_LEVEL = "-O";
				VALIDATE_PRODUCT = YES;
			};
			name = Release;
		};
		D8BBC10F278BEB05003B9839 /* Debug */ = {
			isa = XCBuildConfiguration;
			baseConfigurationReference = 92F191C291171F6692BD26DF /* Pods-alamofire-multi-image.debug.xcconfig */;
			buildSettings = {
				ASSETCATALOG_COMPILER_APPICON_NAME = AppIcon;
				ASSETCATALOG_COMPILER_GLOBAL_ACCENT_COLOR_NAME = AccentColor;
				CODE_SIGN_STYLE = Automatic;
				CURRENT_PROJECT_VERSION = 1;
				GENERATE_INFOPLIST_FILE = YES;
				INFOPLIST_FILE = "alamofire-multi-image/Info.plist";
				INFOPLIST_KEY_UIApplicationSupportsIndirectInputEvents = YES;
				INFOPLIST_KEY_UILaunchStoryboardName = LaunchScreen;
				INFOPLIST_KEY_UIMainStoryboardFile = Main;
				INFOPLIST_KEY_UISupportedInterfaceOrientations_iPad = "UIInterfaceOrientationPortrait UIInterfaceOrientationPortraitUpsideDown UIInterfaceOrientationLandscapeLeft UIInterfaceOrientationLandscapeRight";
				INFOPLIST_KEY_UISupportedInterfaceOrientations_iPhone = "UIInterfaceOrientationPortrait UIInterfaceOrientationLandscapeLeft UIInterfaceOrientationLandscapeRight";
				LD_RUNPATH_SEARCH_PATHS = (
					"$(inherited)",
					"@executable_path/Frameworks",
				);
				MARKETING_VERSION = 1.0;
				PRODUCT_BUNDLE_IDENTIFIER = "com.kshrd.alamofire-multi-image";
				PRODUCT_NAME = "$(TARGET_NAME)";
				SWIFT_EMIT_LOC_STRINGS = YES;
				SWIFT_VERSION = 5.0;
				TARGETED_DEVICE_FAMILY = "1,2";
			};
			name = Debug;
		};
		D8BBC110278BEB05003B9839 /* Release */ = {
			isa = XCBuildConfiguration;
			baseConfigurationReference = D5281DD4189173EA9A4DE1C4 /* Pods-alamofire-multi-image.release.xcconfig */;
			buildSettings = {
				ASSETCATALOG_COMPILER_APPICON_NAME = AppIcon;
				ASSETCATALOG_COMPILER_GLOBAL_ACCENT_COLOR_NAME = AccentColor;
				CODE_SIGN_STYLE = Automatic;
				CURRENT_PROJECT_VERSION = 1;
				GENERATE_INFOPLIST_FILE = YES;
				INFOPLIST_FILE = "alamofire-multi-image/Info.plist";
				INFOPLIST_KEY_UIApplicationSupportsIndirectInputEvents = YES;
				INFOPLIST_KEY_UILaunchStoryboardName = LaunchScreen;
				INFOPLIST_KEY_UIMainStoryboardFile = Main;
				INFOPLIST_KEY_UISupportedInterfaceOrientations_iPad = "UIInterfaceOrientationPortrait UIInterfaceOrientationPortraitUpsideDown UIInterfaceOrientationLandscapeLeft UIInterfaceOrientationLandscapeRight";
				INFOPLIST_KEY_UISupportedInterfaceOrientations_iPhone = "UIInterfaceOrientationPortrait UIInterfaceOrientationLandscapeLeft UIInterfaceOrientationLandscapeRight";
				LD_RUNPATH_SEARCH_PATHS = (
					"$(inherited)",
					"@executable_path/Frameworks",
				);
				MARKETING_VERSION = 1.0;
				PRODUCT_BUNDLE_IDENTIFIER = "com.kshrd.alamofire-multi-image";
				PRODUCT_NAME = "$(TARGET_NAME)";
				SWIFT_EMIT_LOC_STRINGS = YES;
				SWIFT_VERSION = 5.0;
				TARGETED_DEVICE_FAMILY = "1,2";
			};
			name = Release;
		};
/* End XCBuildConfiguration section */

/* Begin XCConfigurationList section */
		D8BBC0F5278BEB03003B9839 /* Build configuration list for PBXProject "alamofire-multi-image" */ = {
			isa = XCConfigurationList;
			buildConfigurations = (
				D8BBC10C278BEB05003B9839 /* Debug */,
				D8BBC10D278BEB05003B9839 /* Release */,
			);
			defaultConfigurationIsVisible = 0;
			defaultConfigurationName = Release;
		};
		D8BBC10E278BEB05003B9839 /* Build configuration list for PBXNativeTarget "alamofire-multi-image" */ = {
			isa = XCConfigurationList;
			buildConfigurations = (
				D8BBC10F278BEB05003B9839 /* Debug */,
				D8BBC110278BEB05003B9839 /* Release */,
			);
			defaultConfigurationIsVisible = 0;
			defaultConfigurationName = Release;
		};
/* End XCConfigurationList section */
	};
	rootObject = D8BBC0F2278BEB03003B9839 /* Project object */;
}
